
Microsoft Visual Studio Solution File, Format Version 12.00
# Visual Studio Version 17
VisualStudioVersion = 17.6.33815.320
MinimumVisualStudioVersion = 10.0.40219.1
Project("{FAE04EC0-301F-11D3-BF4B-00C04F79EFBC}") = "Labb 5- Grunderna OOP", "Labb 5- Grunderna OOP.csproj", "{554E7BAF-40ED-4637-977D-8B8DB82EC31F}"
EndProject
Global
	GlobalSection(SolutionConfigurationPlatforms) = preSolution
		Debug|Any CPU = Debug|Any CPU
		Release|Any CPU = Release|Any CPU
	EndGlobalSection
	GlobalSection(ProjectConfigurationPlatforms) = postSolution
		{554E7BAF-40ED-4637-977D-8B8DB82EC31F}.Debug|Any CPU.ActiveCfg = Debug|Any CPU
		{554E7BAF-40ED-4637-977D-8B8DB82EC31F}.Debug|Any CPU.Build.0 = Debug|Any CPU
		{554E7BAF-40ED-4637-977D-8B8DB82EC31F}.Release|Any CPU.ActiveCfg = Release|Any CPU
		{554E7BAF-40ED-4637-977D-8B8DB82EC31F}.Release|Any CPU.Build.0 = Release|Any CPU
	EndGlobalSection
	GlobalSection(SolutionProperties) = preSolution
		HideSolutionNode = FALSE
	EndGlobalSection
	GlobalSection(ExtensibilityGlobals) = postSolution
		SolutionGuid = {999D67F6-0F75-4DEC-82AE-310DBBDA6434}
	EndGlobalSection
EndGlobal
